dependencies:
- name: observability
  repository: ""
  version: 0.1.1-SNAPSHOT
- name: keycloak
  repository: ""
  version: 0.1.1-SNAPSHOT
- name: postgresql
  repository: ""
  version: 0.1.1-SNAPSHOT
- name: reloading
  repository: ""
  version: 0.1.1-SNAPSHOT
digest: sha256:3f452ddd0f195d86c7778eaef4c201539fd2384a54596bb75d0bfffb68b25d96
generated: "2026-05-07T16:21:05.362794666-04:00"
